
Microsoft Visual Studio Solution File, Format Version 12.00
# Visual Studio Version 16
VisualStudioVersion = 16.0.30413.136
MinimumVisualStudioVersion = 10.0.40219.1
Project("{FAE04EC0-301F-11D3-BF4B-00C04F79EFBC}") = "OrderProcessingService", "OrderProcessingService\OrderProcessingService.csproj", "{FDE046FE-DF05-4CFE-8282-2D480E41B383}"
EndProject
Project("{FAE04EC0-301F-11D3-BF4B-00C04F79EFBC}") = "OrderProcessingDataModel", "OrderProcessingDataModel\OrderProcessingDataModel.csproj", "{1381D2B6-5AE2-4785-950B-E0EC9C6ED652}"
EndProject
Project("{FAE04EC0-301F-11D3-BF4B-00C04F79EFBC}") = "OrderProcessingUnitTesting", "OrderProcessingUnitTesting\OrderProcessingUnitTesting.csproj", "{B3059D7C-CAB9-484B-AD87-6D753E4CD127}"
EndProject
Global
	GlobalSection(SolutionConfigurationPlatforms) = preSolution
		Debug|Any CPU = Debug|Any CPU
		Release|Any CPU = Release|Any CPU
	EndGlobalSection
	GlobalSection(ProjectConfigurationPlatforms) = postSolution
		{FDE046FE-DF05-4CFE-8282-2D480E41B383}.Debug|Any CPU.ActiveCfg = Debug|Any CPU
		{FDE046FE-DF05-4CFE-8282-2D480E41B383}.Debug|Any CPU.Build.0 = Debug|Any CPU
		{FDE046FE-DF05-4CFE-8282-2D480E41B383}.Release|Any CPU.ActiveCfg = Release|Any CPU
		{FDE046FE-DF05-4CFE-8282-2D480E41B383}.Release|Any CPU.Build.0 = Release|Any CPU
		{1381D2B6-5AE2-4785-950B-E0EC9C6ED652}.Debug|Any CPU.ActiveCfg = Debug|Any CPU
		{1381D2B6-5AE2-4785-950B-E0EC9C6ED652}.Debug|Any CPU.Build.0 = Debug|Any CPU
		{1381D2B6-5AE2-4785-950B-E0EC9C6ED652}.Release|Any CPU.ActiveCfg = Release|Any CPU
		{1381D2B6-5AE2-4785-950B-E0EC9C6ED652}.Release|Any CPU.Build.0 = Release|Any CPU
		{B3059D7C-CAB9-484B-AD87-6D753E4CD127}.Debug|Any CPU.ActiveCfg = Debug|Any CPU
		{B3059D7C-CAB9-484B-AD87-6D753E4CD127}.Debug|Any CPU.Build.0 = Debug|Any CPU
		{B3059D7C-CAB9-484B-AD87-6D753E4CD127}.Release|Any CPU.ActiveCfg = Release|Any CPU
		{B3059D7C-CAB9-484B-AD87-6D753E4CD127}.Release|Any CPU.Build.0 = Release|Any CPU
	EndGlobalSection
	GlobalSection(SolutionProperties) = preSolution
		HideSolutionNode = FALSE
	EndGlobalSection
	GlobalSection(ExtensibilityGlobals) = postSolution
		SolutionGuid = {E33C8E51-5109-45C5-851F-F836A626DA4A}
	EndGlobalSection
EndGlobal
